// !$*UTF8*$!
{
	archiveVersion = 1;
	classes = {
	};
	objectVersion = 50;
	objects = {

/* Begin PBXBuildFile section */
		2C054D9725B093DB00642E65 /* AppDelegate.m in Sources */ = {isa = PBXBuildFile; fileRef = 2C054D9625B093DB00642E65 /* AppDelegate.m */; };
		2C054D9A25B093DB00642E65 /* SceneDelegate.m in Sources */ = {isa = PBXBuildFile; fileRef = 2C054D9925B093DB00642E65 /* SceneDelegate.m */; };
		2C054D9D25B093DB00642E65 /* ViewController.m in Sources */ = {isa = PBXBuildFile; fileRef = 2C054D9C25B093DB00642E65 /* ViewController.m */; };
		2C054DA025B093DB00642E65 /* Main.storyboard in Resources */ = {isa = PBXBuildFile; fileRef = 2C054D9E25B093DB00642E65 /* Main.storyboard */; };
		2C054DA225B093DC00642E65 /* Assets.xcassets in Resources */ = {isa = PBXBuildFile; fileRef = 2C054DA125B093DC00642E65 /* Assets.xcassets */; };
		2C054DA525B093DC00642E65 /* LaunchScreen.storyboard in Resources */ = {isa = PBXBuildFile; fileRef = 2C054DA325B093DC00642E65 /* LaunchScreen.storyboard */; };
		2C054DA825B093DC00642E65 /* main.m in Sources */ = {isa = PBXBuildFile; fileRef = 2C054DA725B093DC00642E65 /* main.m */; };
		2C054DB225B093DC00642E65 /* YSLuckyTests.m in Sources */ = {isa = PBXBuildFile; fileRef = 2C054DB125B093DC00642E65 /* YSLuckyTests.m */; };
		2C054DBD25B093DC00642E65 /* YSLuckyUITests.m in Sources */ = {isa = PBXBuildFile; fileRef = 2C054DBC25B093DC00642E65 /* YSLuckyUITests.m */; };
/* End PBXBuildFile section */

/* Begin PBXContainerItemProxy section */
		2C054DAE25B093DC00642E65 /* PBXContainerItemProxy */ = {
			isa = PBXContainerItemProxy;
			containerPortal = 2C054D8A25B093DB00642E65 /* Project object */;
			proxyType = 1;
			remoteGlobalIDString = 2C054D9125B093DB00642E65;
			remoteInfo = YSLucky;
		};
		2C054DB925B093DC00642E65 /* PBXContainerItemProxy */ = {
			isa = PBXContainerItemProxy;
			containerPortal = 2C054D8A25B093DB00642E65 /* Project object */;
			proxyType = 1;
			remoteGlobalIDString = 2C054D9125B093DB00642E65;
			remoteInfo = YSLucky;
		};
/* End PBXContainerItemProxy section */

/* Begin PBXFileReference section */
		2C054D9225B093DB00642E65 /* YSLucky.app */ = {isa = PBXFileReference; explicitFileType = wrapper.application; includeInIndex = 0; path = YSLucky.app; sourceTree = BUILT_PRODUCTS_DIR; };
		2C054D9525B093DB00642E65 /* AppDelegate.h */ = {isa = PBXFileReference; lastKnownFileType = sourcecode.c.h; path = AppDelegate.h; sourceTree = "<group>"; };
		2C054D9625B093DB00642E65 /* AppDelegate.m */ = {isa = PBXFileReference; lastKnownFileType = sourcecode.c.objc; path = AppDelegate.m; sourceTree = "<group>"; };
		2C054D9825B093DB00642E65 /* SceneDelegate.h */ = {isa = PBXFileReference; lastKnownFileType = sourcecode.c.h; path = SceneDelegate.h; sourceTree = "<group>"; };
		2C054D9925B093DB00642E65 /* SceneDelegate.m */ = {isa = PBXFileReference; lastKnownFileType = sourcecode.c.objc; path = SceneDelegate.m; sourceTree = "<group>"; };
		2C054D9B25B093DB00642E65 /* ViewController.h */ = {isa = PBXFileReference; lastKnownFileType = sourcecode.c.h; path = ViewController.h; sourceTree = "<group>"; };
		2C054D9C25B093DB00642E65 /* ViewController.m */ = {isa = PBXFileReference; lastKnownFileType = sourcecode.c.objc; path = ViewController.m; sourceTree = "<group>"; };
		2C054D9F25B093DB00642E65 /* Base */ = {isa = PBXFileReference; lastKnownFileType = file.storyboard; name = Base; path = Base.lproj/Main.storyboard; sourceTree = "<group>"; };
		2C054DA125B093DC00642E65 /* Assets.xcassets */ = {isa = PBXFileReference; lastKnownFileType = folder.assetcatalog; path = Assets.xcassets; sourceTree = "<group>"; };
		2C054DA425B093DC00642E65 /* Base */ = {isa = PBXFileReference; lastKnownFileType = file.storyboard; name = Base; path = Base.lproj/LaunchScreen.storyboard; sourceTree = "<group>"; };
		2C054DA625B093DC00642E65 /* Info.plist */ = {isa = PBXFileReference; lastKnownFileType = text.plist.xml; path = Info.plist; sourceTree = "<group>"; };
		2C054DA725B093DC00642E65 /* main.m */ = {isa = PBXFileReference; lastKnownFileType = sourcecode.c.objc; path = main.m; sourceTree = "<group>"; };
		2C054DAD25B093DC00642E65 /* YSLuckyTests.xctest */ = {isa = PBXFileReference; explicitFileType = wrapper.cfbundle; includeInIndex = 0; path = YSLuckyTests.xctest; sourceTree = BUILT_PRODUCTS_DIR; };
		2C054DB125B093DC00642E65 /* YSLuckyTests.m */ = {isa = PBXFileReference; lastKnownFileType = sourcecode.c.objc; path = YSLuckyTests.m; sourceTree = "<group>"; };
		2C054DB325B093DC00642E65 /* Info.plist */ = {isa = PBXFileReference; lastKnownFileType = text.plist.xml; path = Info.plist; sourceTree = "<group>"; };
		2C054DB825B093DC00642E65 /* YSLuckyUITests.xctest */ = {isa = PBXFileReference; explicitFileType = wrapper.cfbundle; includeInIndex = 0; path = YSLuckyUITests.xctest; sourceTree = BUILT_PRODUCTS_DIR; };
		2C054DBC25B093DC00642E65 /* YSLuckyUITests.m */ = {isa = PBXFileReference; lastKnownFileType = sourcecode.c.objc; path = YSLuckyUITests.m; sourceTree = "<group>"; };
		2C054DBE25B093DC00642E65 /* Info.plist */ = {isa = PBXFileReference; lastKnownFileType = text.plist.xml; path = Info.plist; sourceTree = "<group>"; };
/* End PBXFileReference section */

/* Begin PBXFrameworksBuildPhase section */
		2C054D8F25B093DB00642E65 /* Frameworks */ = {
			isa = PBXFrameworksBuildPhase;
			buildActionMask = 2147483647;
			files = (
			);
			runOnlyForDeploymentPostprocessing = 0;
		};
		2C054DAA25B093DC00642E65 /* Frameworks */ = {
			isa = PBXFrameworksBuildPhase;
			buildActionMask = 2147483647;
			files = (
			);
			runOnlyForDeploymentPostprocessing = 0;
		};
		2C054DB525B093DC00642E65 /* Frameworks */ = {
			isa = PBXFrameworksBuildPhase;
			buildActionMask = 2147483647;
			files = (
			);
			runOnlyForDeploymentPostprocessing = 0;
		};
/* End PBXFrameworksBuildPhase section */

/* Begin PBXGroup section */
		2C054D8925B093DB00642E65 = {
			isa = PBXGroup;
			children = (
				2C054D9425B093DB00642E65 /* YSLucky */,
				2C054DB025B093DC00642E65 /* YSLuckyTests */,
				2C054DBB25B093DC00642E65 /* YSLuckyUITests */,
				2C054D9325B093DB00642E65 /* Products */,
			);
			sourceTree = "<group>";
		};
		2C054D9325B093DB00642E65 /* Products */ = {
			isa = PBXGroup;
			children = (
				2C054D9225B093DB00642E65 /* YSLucky.app */,
				2C054DAD25B093DC00642E65 /* YSLuckyTests.xctest */,
				2C054DB825B093DC00642E65 /* YSLuckyUITests.xctest */,
			);
			name = Products;
			sourceTree = "<group>";
		};
		2C054D9425B093DB00642E65 /* YSLucky */ = {
			isa = PBXGroup;
			children = (
				2C054D9525B093DB00642E65 /* AppDelegate.h */,
				2C054D9625B093DB00642E65 /* AppDelegate.m */,
				2C054D9825B093DB00642E65 /* SceneDelegate.h */,
				2C054D9925B093DB00642E65 /* SceneDelegate.m */,
				2C054D9B25B093DB00642E65 /* ViewController.h */,
				2C054D9C25B093DB00642E65 /* ViewController.m */,
				2C054D9E25B093DB00642E65 /* Main.storyboard */,
				2C054DA125B093DC00642E65 /* Assets.xcassets */,
				2C054DA325B093DC00642E65 /* LaunchScreen.storyboard */,
				2C054DA625B093DC00642E65 /* Info.plist */,
				2C054DA725B093DC00642E65 /* main.m */,
			);
			path = YSLucky;
			sourceTree = "<group>";
		};
		2C054DB025B093DC00642E65 /* YSLuckyTests */ = {
			isa = PBXGroup;
			children = (
				2C054DB125B093DC00642E65 /* YSLuckyTests.m */,
				2C054DB325B093DC00642E65 /* Info.plist */,
			);
			path = YSLuckyTests;
			sourceTree = "<group>";
		};
		2C054DBB25B093DC00642E65 /* YSLuckyUITests */ = {
			isa = PBXGroup;
			children = (
				2C054DBC25B093DC00642E65 /* YSLuckyUITests.m */,
				2C054DBE25B093DC00642E65 /* Info.plist */,
			);
			path = YSLuckyUITests;
			sourceTree = "<group>";
		};
/* End PBXGroup section */

/* Begin PBXNativeTarget section */
		2C054D9125B093DB00642E65 /* YSLucky */ = {
			isa = PBXNativeTarget;
			buildConfigurationList = 2C054DC125B093DC00642E65 /* Build configuration list for PBXNativeTarget "YSLucky" */;
			buildPhases = (
				2C054D8E25B093DB00642E65 /* Sources */,
				2C054D8F25B093DB00642E65 /* Frameworks */,
				2C054D9025B093DB00642E65 /* Resources */,
			);
			buildRules = (
			);
			dependencies = (
			);
			name = YSLucky;
			productName = YSLucky;
			productReference = 2C054D9225B093DB00642E65 /* YSLucky.app */;
			productType = "com.apple.product-type.application";
		};
		2C054DAC25B093DC00642E65 /* YSLuckyTests */ = {
			isa = PBXNativeTarget;
			buildConfigurationList = 2C054DC425B093DC00642E65 /* Build configuration list for PBXNativeTarget "YSLuckyTests" */;
			buildPhases = (
				2C054DA925B093DC00642E65 /* Sources */,
				2C054DAA25B093DC00642E65 /* Frameworks */,
				2C054DAB25B093DC00642E65 /* Resources */,
			);
			buildRules = (
			);
			dependencies = (
				2C054DAF25B093DC00642E65 /* PBXTargetDependency */,
			);
			name = YSLuckyTests;
			productName = YSLuckyTests;
			productReference = 2C054DAD25B093DC00642E65 /* YSLuckyTests.xctest */;
			productType = "com.apple.product-type.bundle.unit-test";
		};
		2C054DB725B093DC00642E65 /* YSLuckyUITests */ = {
			isa = PBXNativeTarget;
			buildConfigurationList = 2C054DC725B093DC00642E65 /* Build configuration list for PBXNativeTarget "YSLuckyUITests" */;
			buildPhases = (
				2C054DB425B093DC00642E65 /* Sources */,
				2C054DB525B093DC00642E65 /* Frameworks */,
				2C054DB625B093DC00642E65 /* Resources */,
			);
			buildRules = (
			);
			dependencies = (
				2C054DBA25B093DC00642E65 /* PBXTargetDependency */,
			);
			name = YSLuckyUITests;
			productName = YSLuckyUITests;
			productReference = 2C054DB825B093DC00642E65 /* YSLuckyUITests.xctest */;
			productType = "com.apple.product-type.bundle.ui-testing";
		};
/* End PBXNativeTarget section */

/* Begin PBXProject section */
		2C054D8A25B093DB00642E65 /* Project object */ = {
			isa = PBXProject;
			attributes = {
				LastUpgradeCheck = 1230;
				TargetAttributes = {
					2C054D9125B093DB00642E65 = {
						CreatedOnToolsVersion = 12.3;
					};
					2C054DAC25B093DC00642E65 = {
						CreatedOnToolsVersion = 12.3;
						TestTargetID = 2C054D9125B093DB00642E65;
					};
					2C054DB725B093DC00642E65 = {
						CreatedOnToolsVersion = 12.3;
						TestTargetID = 2C054D9125B093DB00642E65;
					};
				};
			};
			buildConfigurationList = 2C054D8D25B093DB00642E65 /* Build configuration list for PBXProject "YSLucky" */;
			compatibilityVersion = "Xcode 9.3";
			developmentRegion = en;
			hasScannedForEncodings = 0;
			knownRegions = (
				en,
				Base,
			);
			mainGroup = 2C054D8925B093DB00642E65;
			productRefGroup = 2C054D9325B093DB00642E65 /* Products */;
			projectDirPath = "";
			projectRoot = "";
			targets = (
				2C054D9125B093DB00642E65 /* YSLucky */,
				2C054DAC25B093DC00642E65 /* YSLuckyTests */,
				2C054DB725B093DC00642E65 /* YSLuckyUITests */,
			);
		};
/* End PBXProject section */

/* Begin PBXResourcesBuildPhase section */
		2C054D9025B093DB00642E65 /* Resources */ = {
			isa = PBXResourcesBuildPhase;
			buildActionMask = 2147483647;
			files = (
				2C054DA525B093DC00642E65 /* LaunchScreen.storyboard in Resources */,
				2C054DA225B093DC00642E65 /* Assets.xcassets in Resources */,
				2C054DA025B093DB00642E65 /* Main.storyboard in Resources */,
			);
			runOnlyForDeploymentPostprocessing = 0;
		};
		2C054DAB25B093DC00642E65 /* Resources */ = {
			isa = PBXResourcesBuildPhase;
			buildActionMask = 2147483647;
			files = (
			);
			runOnlyForDeploymentPostprocessing = 0;
		};
		2C054DB625B093DC00642E65 /* Resources */ = {
			isa = PBXResourcesBuildPhase;
			buildActionMask = 2147483647;
			files = (
			);
			runOnlyForDeploymentPostprocessing = 0;
		};
/* End PBXResourcesBuildPhase section */

/* Begin PBXSourcesBuildPhase section */
		2C054D8E25B093DB00642E65 /* Sources */ = {
			isa = PBXSourcesBuildPhase;
			buildActionMask = 2147483647;
			files = (
				2C054D9D25B093DB00642E65 /* ViewController.m in Sources */,
				2C054D9725B093DB00642E65 /* AppDelegate.m in Sources */,
				2C054DA825B093DC00642E65 /* main.m in Sources */,
				2C054D9A25B093DB00642E65 /* SceneDelegate.m in Sources */,
			);
			runOnlyForDeploymentPostprocessing = 0;
		};
		2C054DA925B093DC00642E65 /* Sources */ = {
			isa = PBXSourcesBuildPhase;
			buildActionMask = 2147483647;
			files = (
				2C054DB225B093DC00642E65 /* YSLuckyTests.m in Sources */,
			);
			runOnlyForDeploymentPostprocessing = 0;
		};
		2C054DB425B093DC00642E65 /* Sources */ = {
			isa = PBXSourcesBuildPhase;
			buildActionMask = 2147483647;
			files = (
				2C054DBD25B093DC00642E65 /* YSLuckyUITests.m in Sources */,
			);
			runOnlyForDeploymentPostprocessing = 0;
		};
/* End PBXSourcesBuildPhase section */

/* Begin PBXTargetDependency section */
		2C054DAF25B093DC00642E65 /* PBXTargetDependency */ = {
			isa = PBXTargetDependency;
			target = 2C054D9125B093DB00642E65 /* YSLucky */;
			targetProxy = 2C054DAE25B093DC00642E65 /* PBXContainerItemProxy */;
		};
		2C054DBA25B093DC00642E65 /* PBXTargetDependency */ = {
			isa = PBXTargetDependency;
			target = 2C054D9125B093DB00642E65 /* YSLucky */;
			targetProxy = 2C054DB925B093DC00642E65 /* PBXContainerItemProxy */;
		};
/* End PBXTargetDependency section */

/* Begin PBXVariantGroup section */
		2C054D9E25B093DB00642E65 /* Main.storyboard */ = {
			isa = PBXVariantGroup;
			children = (
				2C054D9F25B093DB00642E65 /* Base */,
			);
			name = Main.storyboard;
			sourceTree = "<group>";
		};
		2C054DA325B093DC00642E65 /* LaunchScreen.storyboard */ = {
			isa = PBXVariantGroup;
			children = (
				2C054DA425B093DC00642E65 /* Base */,
			);
			name = LaunchScreen.storyboard;
			sourceTree = "<group>";
		};
/* End PBXVariantGroup section */

/* Begin XCBuildConfiguration section */
		2C054DBF25B093DC00642E65 /* Debug */ = {
			isa = XCBuildConfiguration;
			buildSettings = {
				ALWAYS_SEARCH_USER_PATHS = NO;
				CLANG_ANALYZER_NONNULL = YES;
				CLANG_ANALYZER_NUMBER_OBJECT_CONVERSION = YES_AGGRESSIVE;
				CLANG_CXX_LANGUAGE_STANDARD = "gnu++14";
				CLANG_CXX_LIBRARY = "libc++";
				CLANG_ENABLE_MODULES = YES;
				CLANG_ENABLE_OBJC_ARC = YES;
				CLANG_ENABLE_OBJC_WEAK = YES;
				CLANG_WARN_BLOCK_CAPTURE_AUTORELEASING = YES;
				CLANG_WARN_BOOL_CONVERSION = YES;
				CLANG_WARN_COMMA = YES;
				CLANG_WARN_CONSTANT_CONVERSION = YES;
				CLANG_WARN_DEPRECATED_OBJC_IMPLEMENTATIONS = YES;
				CLANG_WARN_DIRECT_OBJC_ISA_USAGE = YES_ERROR;
				CLANG_WARN_DOCUMENTATION_COMMENTS = YES;
				CLANG_WARN_EMPTY_BODY = YES;
				CLANG_WARN_ENUM_CONVERSION = YES;
				CLANG_WARN_INFINITE_RECURSION = YES;
				CLANG_WARN_INT_CONVERSION = YES;
				CLANG_WARN_NON_LITERAL_NULL_CONVERSION = YES;
				CLANG_WARN_OBJC_IMPLICIT_RETAIN_SELF = YES;
				CLANG_WARN_OBJC_LITERAL_CONVERSION = YES;
				CLANG_WARN_OBJC_ROOT_CLASS = YES_ERROR;
				CLANG_WARN_QUOTED_INCLUDE_IN_FRAMEWORK_HEADER = YES;
				CLANG_WARN_RANGE_LOOP_ANALYSIS = YES;
				CLANG_WARN_STRICT_PROTOTYPES = YES;
				CLANG_WARN_SUSPICIOUS_MOVE = YES;
				CLANG_WARN_UNGUARDED_AVAILABILITY = YES_AGGRESSIVE;
				CLANG_WARN_UNREACHABLE_CODE = YES;
				CLANG_WARN__DUPLICATE_METHOD_MATCH = YES;
				COPY_PHASE_STRIP = NO;
				DEBUG_INFORMATION_FORMAT = dwarf;
				ENABLE_STRICT_OBJC_MSGSEND = YES;
				ENABLE_TESTABILITY = YES;
				GCC_C_LANGUAGE_STANDARD = gnu11;
				GCC_DYNAMIC_NO_PIC = NO;
				GCC_NO_COMMON_BLOCKS = YES;
				GCC_OPTIMIZATION_LEVEL = 0;
				GCC_PREPROCESSOR_DEFINITIONS = (
					"DEBUG=1",
					"$(inherited)",
				);
				GCC_WARN_64_TO_32_BIT_CONVERSION = YES;
				GCC_WARN_ABOUT_RETURN_TYPE = YES_ERROR;
				GCC_WARN_UNDECLARED_SELECTOR = YES;
				GCC_WARN_UNINITIALIZED_AUTOS = YES_AGGRESSIVE;
				GCC_WARN_UNUSED_FUNCTION = YES;
				GCC_WARN_UNUSED_VARIABLE = YES;
				IPHONEOS_DEPLOYMENT_TARGET = 14.3;
				MTL_ENABLE_DEBUG_INFO = INCLUDE_SOURCE;
				MTL_FAST_MATH = YES;
				ONLY_ACTIVE_ARCH = YES;
				SDKROOT = iphoneos;
			};
			name = Debug;
		};
		2C054DC025B093DC00642E65 /* Release */ = {
			isa = XCBuildConfiguration;
			buildSettings = {
				ALWAYS_SEARCH_USER_PATHS = NO;
				CLANG_ANALYZER_NONNULL = YES;
				CLANG_ANALYZER_NUMBER_OBJECT_CONVERSION = YES_AGGRESSIVE;
				CLANG_CXX_LANGUAGE_STANDARD = "gnu++14";
				CLANG_CXX_LIBRARY = "libc++";
				CLANG_ENABLE_MODULES = YES;
				CLANG_ENABLE_OBJC_ARC = YES;
				CLANG_ENABLE_OBJC_WEAK = YES;
				CLANG_WARN_BLOCK_CAPTURE_AUTORELEASING = YES;
				CLANG_WARN_BOOL_CONVERSION = YES;
				CLANG_WARN_COMMA = YES;
				CLANG_WARN_CONSTANT_CONVERSION = YES;
				CLANG_WARN_DEPRECATED_OBJC_IMPLEMENTATIONS = YES;
				CLANG_WARN_DIRECT_OBJC_ISA_USAGE = YES_ERROR;
				CLANG_WARN_DOCUMENTATION_COMMENTS = YES;
				CLANG_WARN_EMPTY_BODY = YES;
				CLANG_WARN_ENUM_CONVERSION = YES;
				CLANG_WARN_INFINITE_RECURSION = YES;
				CLANG_WARN_INT_CONVERSION = YES;
				CLANG_WARN_NON_LITERAL_NULL_CONVERSION = YES;
				CLANG_WARN_OBJC_IMPLICIT_RETAIN_SELF = YES;
				CLANG_WARN_OBJC_LITERAL_CONVERSION = YES;
				CLANG_WARN_OBJC_ROOT_CLASS = YES_ERROR;
				CLANG_WARN_QUOTED_INCLUDE_IN_FRAMEWORK_HEADER = YES;
				CLANG_WARN_RANGE_LOOP_ANALYSIS = YES;
				CLANG_WARN_STRICT_PROTOTYPES = YES;
				CLANG_WARN_SUSPICIOUS_MOVE = YES;
				CLANG_WARN_UNGUARDED_AVAILABILITY = YES_AGGRESSIVE;
				CLANG_WARN_UNREACHABLE_CODE = YES;
				CLANG_WARN__DUPLICATE_METHOD_MATCH = YES;
				COPY_PHASE_STRIP = NO;
				DEBUG_INFORMATION_FORMAT = "dwarf-with-dsym";
				ENABLE_NS_ASSERTIONS = NO;
				ENABLE_STRICT_OBJC_MSGSEND = YES;
				GCC_C_LANGUAGE_STANDARD = gnu11;
				GCC_NO_COMMON_BLOCKS = YES;
				GCC_WARN_64_TO_32_BIT_CONVERSION = YES;
				GCC_WARN_ABOUT_RETURN_TYPE = YES_ERROR;
				GCC_WARN_UNDECLARED_SELECTOR = YES;
				GCC_WARN_UNINITIALIZED_AUTOS = YES_AGGRESSIVE;
				GCC_WARN_UNUSED_FUNCTION = YES;
				GCC_WARN_UNUSED_VARIABLE = YES;
				IPHONEOS_DEPLOYMENT_TARGET = 14.3;
				MTL_ENABLE_DEBUG_INFO = NO;
				MTL_FAST_MATH = YES;
				SDKROOT = iphoneos;
				VALIDATE_PRODUCT = YES;
			};
			name = Release;
		};
		2C054DC225B093DC00642E65 /* Debug */ = {
			isa = XCBuildConfiguration;
			buildSettings = {
				ASSETCATALOG_COMPILER_APPICON_NAME = AppIcon;
				ASSETCATALOG_COMPILER_GLOBAL_ACCENT_COLOR_NAME = AccentColor;
				CODE_SIGN_STYLE = Automatic;
				DEVELOPMENT_TEAM = 4X3Z23FM8Y;
				INFOPLIST_FILE = YSLucky/Info.plist;
				LD_RUNPATH_SEARCH_PATHS = (
					"$(inherited)",
					"@executable_path/Frameworks",
				);
				MARKETING_VERSION = 1.0.0;
				PRODUCT_BUNDLE_IDENTIFIER = yy.YSLucky;
				PRODUCT_NAME = "$(TARGET_NAME)";
				TARGETED_DEVICE_FAMILY = "1,2";
			};
			name = Debug;
		};
		2C054DC325B093DC00642E65 /* Release */ = {
			isa = XCBuildConfiguration;
			buildSettings = {
				ASSETCATALOG_COMPILER_APPICON_NAME = AppIcon;
				ASSETCATALOG_COMPILER_GLOBAL_ACCENT_COLOR_NAME = AccentColor;
				CODE_SIGN_STYLE = Automatic;
				DEVELOPMENT_TEAM = 4X3Z23FM8Y;
				INFOPLIST_FILE = YSLucky/Info.plist;
				LD_RUNPATH_SEARCH_PATHS = (
					"$(inherited)",
					"@executable_path/Frameworks",
				);
				MARKETING_VERSION = 1.0.0;
				PRODUCT_BUNDLE_IDENTIFIER = yy.YSLucky;
				PRODUCT_NAME = "$(TARGET_NAME)";
				TARGETED_DEVICE_FAMILY = "1,2";
			};
			name = Release;
		};
		2C054DC525B093DC00642E65 /* Debug */ = {
			isa = XCBuildConfiguration;
			buildSettings = {
				BUNDLE_LOADER = "$(TEST_HOST)";
				CODE_SIGN_STYLE = Automatic;
				DEVELOPMENT_TEAM = 4X3Z23FM8Y;
				INFOPLIST_FILE = YSLuckyTests/Info.plist;
				IPHONEOS_DEPLOYMENT_TARGET = 14.3;
				LD_RUNPATH_SEARCH_PATHS = (
					"$(inherited)",
					"@executable_path/Frameworks",
					"@loader_path/Frameworks",
				);
				PRODUCT_BUNDLE_IDENTIFIER = yy.YSLuckyTests;
				PRODUCT_NAME = "$(TARGET_NAME)";
				TARGETED_DEVICE_FAMILY = "1,2";
				TEST_HOST = "$(BUILT_PRODUCTS_DIR)/YSLucky.app/YSLucky";
			};
			name = Debug;
		};
		2C054DC625B093DC00642E65 /* Release */ = {
			isa = XCBuildConfiguration;
			buildSettings = {
				BUNDLE_LOADER = "$(TEST_HOST)";
				CODE_SIGN_STYLE = Automatic;
				DEVELOPMENT_TEAM = 4X3Z23FM8Y;
				INFOPLIST_FILE = YSLuckyTests/Info.plist;
				IPHONEOS_DEPLOYMENT_TARGET = 14.3;
				LD_RUNPATH_SEARCH_PATHS = (
					"$(inherited)",
					"@executable_path/Frameworks",
					"@loader_path/Frameworks",
				);
				PRODUCT_BUNDLE_IDENTIFIER = yy.YSLuckyTests;
				PRODUCT_NAME = "$(TARGET_NAME)";
				TARGETED_DEVICE_FAMILY = "1,2";
				TEST_HOST = "$(BUILT_PRODUCTS_DIR)/YSLucky.app/YSLucky";
			};
			name = Release;
		};
		2C054DC825B093DC00642E65 /* Debug */ = {
			isa = XCBuildConfiguration;
			buildSettings = {
				CODE_SIGN_STYLE = Automatic;
				DEVELOPMENT_TEAM = 4X3Z23FM8Y;
				INFOPLIST_FILE = YSLuckyUITests/Info.plist;
				LD_RUNPATH_SEARCH_PATHS = (
					"$(inherited)",
					"@executable_path/Frameworks",
					"@loader_path/Frameworks",
				);
				PRODUCT_BUNDLE_IDENTIFIER = yy.YSLuckyUITests;
				PRODUCT_NAME = "$(TARGET_NAME)";
				TARGETED_DEVICE_FAMILY = "1,2";
				TEST_TARGET_NAME = YSLucky;
			};
			name = Debug;
		};
		2C054DC925B093DC00642E65 /* Release */ = {
			isa = XCBuildConfiguration;
			buildSettings = {
				CODE_SIGN_STYLE = Automatic;
				DEVELOPMENT_TEAM = 4X3Z23FM8Y;
				INFOPLIST_FILE = YSLuckyUITests/Info.plist;
				LD_RUNPATH_SEARCH_PATHS = (
					"$(inherited)",
					"@executable_path/Frameworks",
					"@loader_path/Frameworks",
				);
				PRODUCT_BUNDLE_IDENTIFIER = yy.YSLuckyUITests;
				PRODUCT_NAME = "$(TARGET_NAME)";
				TARGETED_DEVICE_FAMILY = "1,2";
				TEST_TARGET_NAME = YSLucky;
			};
			name = Release;
		};
/* End XCBuildConfiguration section */

/* Begin XCConfigurationList section */
		2C054D8D25B093DB00642E65 /* Build configuration list for PBXProject "YSLucky" */ = {
			isa = XCConfigurationList;
			buildConfigurations = (
				2C054DBF25B093DC00642E65 /* Debug */,
				2C054DC025B093DC00642E65 /* Release */,
			);
			defaultConfigurationIsVisible = 0;
			defaultConfigurationName = Release;
		};
		2C054DC125B093DC00642E65 /* Build configuration list for PBXNativeTarget "YSLucky" */ = {
			isa = XCConfigurationList;
			buildConfigurations = (
				2C054DC225B093DC00642E65 /* Debug */,
				2C054DC325B093DC00642E65 /* Release */,
			);
			defaultConfigurationIsVisible = 0;
			defaultConfigurationName = Release;
		};
		2C054DC425B093DC00642E65 /* Build configuration list for PBXNativeTarget "YSLuckyTests" */ = {
			isa = XCConfigurationList;
			buildConfigurations = (
				2C054DC525B093DC00642E65 /* Debug */,
				2C054DC625B093DC00642E65 /* Release */,
			);
			defaultConfigurationIsVisible = 0;
			defaultConfigurationName = Release;
		};
		2C054DC725B093DC00642E65 /* Build configuration list for PBXNativeTarget "YSLuckyUITests" */ = {
			isa = XCConfigurationList;
			buildConfigurations = (
				2C054DC825B093DC00642E65 /* Debug */,
				2C054DC925B093DC00642E65 /* Release */,
			);
			defaultConfigurationIsVisible = 0;
			defaultConfigurationName = Release;
		};
/* End XCConfigurationList section */
	};
	rootObject = 2C054D8A25B093DB00642E65 /* Project object */;
}
